{
  "name": "cannabissage-cws-publish",
  "lockfileVersion": 3,
  "requires": true,
  "packages": {
    "": {
      "name": "cannabissage-cws-publish",
      "dependencies": {
        "publish-browser-extension": "6.2.0"
      }
    },
    "node_modules/@topcli/prompts": {
      "version": "4.0.0",
      "resolved": "https://registry.npmjs.org/@topcli/prompts/-/prompts-4.0.0.tgz",
      "integrity": "sha512-kkKYPb4k/6kRdnESt77B5vJrrYnYHIYczwv0P1c+tfN/IWEx3KZeKEHoUq7sImIyBEXWdA2uakIroD9pmRJziQ==",
      "license": "ISC",
      "engines": {
        "node": ">=22.0.0"
      }
    },
    "node_modules/cac": {
      "version": "7.0.0",
      "resolved": "https://registry.npmjs.org/cac/-/cac-7.0.0.tgz",
      "integrity": "sha512-tixWYgm5ZoOD+3g6UTea91eow5z6AAHaho3g0V9CNSNb45gM8SmflpAc+GRd1InC4AqN/07Unrgp56Y94N9hJQ==",
      "license": "MIT",
      "engines": {
        "node": ">=20.19.0"
      }
    },
    "node_modules/publish-browser-extension": {
      "version": "6.2.0",
      "resolved": "https://registry.npmjs.org/publish-browser-extension/-/publish-browser-extension-6.2.0.tgz",
      "integrity": "sha512-yIxoJ54RdTqyfdLrc+8mswCmEeh9x/03JrtF8Ney8zjzKplKgg4fdTs3hRP33IcWImak98yAHSI8ZBVAflsDNg==",
      "license": "MIT",
      "dependencies": {
        "@topcli/prompts": "^4.0.0",
        "cac": "^7.0.0",
        "tasuku": "^2.3.0"
      },
      "bin": {
        "publish-extension": "bin/publish-extension.mjs"
      },
      "engines": {
        "node": ">=22.0.0"
      }
    },
    "node_modules/tasuku": {
      "version": "2.3.0",
      "resolved": "https://registry.npmjs.org/tasuku/-/tasuku-2.3.0.tgz",
      "integrity": "sha512-9Jtk+XAnttslCw4i9RceSZGr2PT5TLn0vUyWnoP2SdlSYzkiYRY6kB5qnPi5IQ/Em8e4oBow1rpaA39iijTIrA==",
      "license": "MIT",
      "funding": {
        "url": "https://github.com/privatenumber/tasuku?sponsor=1"
      }
    }
  }
}
